github.com/Mellanox/sriovnet v0.0.0-20180409043604-5a536a1c501e h1:k1xBCRI6es88YHf7YoGT9N2E6LTj89VKTUtsmgLC1tI=
github.com/Mellanox/sriovnet v0.0.0-20180409043604-5a536a1c501e/go.mod h1:P1tDPkhPZuCRhSaQ2dt1qNwPq7u80nerosqr0hTJ+hc=
github.com/alexflint/go-filemutex v0.0.0-20171028004239-d358565f3c3f h1:tbgFqBK8r77y+mT2RKkQ8ukhk/uvPtPZvr3a3166YNw=
github.com/alexflint/go-filemutex v0.0.0-20171028004239-d358565f3c3f/go.mod h1:CgnQgUtFrFz9mxFNtED3jI5tLDjKlOM+oUF/sTk6ps0=
github.com/containernetworking/cni v0.3.0 h1:BSRWnAM4rAftHMGfkyz+QGUYuMuzvhbbXtbzyUH/f+Y=
github.com/containernetworking/cni v0.3.0/go.mod h1:LGwApLUm2FpoOfxTDEeq8T9ipbpZ61X79hmU3w8FmsY=
github.com/coreos/go-iptables v0.0.0-20151211183357-90456be57fcb h1:cW2yWWWlgcppc2JKFdGbpJSMorMKxWFrpCnZmQDG2Z8=
github.com/coreos/go-iptables v0.0.0-20151211183357-90456be57fcb/go.mod h1:/mVI274lEDI2ns62jHCDnCyBF9Iwsmekav8Dbxlm1MU=
github.com/onsi/ginkgo v0.0.0-20151202141238-7f8ab55aaf3b h1:Ey6yH0acn50T/v6CB75bGP4EMJqnv9WvnjN7oZaj+xE=
github.com/onsi/ginkgo v0.0.0-20151202141238-7f8ab55aaf3b/go.mod h1:lLunBs/Ym6LB5Z9jYTR76FiuTmxDTDusOGeTQH+WWjE=
github.com/onsi/gomega v0.0.0-20151007035656-2152b45fa28a h1:KfNOeFvoAssuZLT7IntKZElKwi/5LRuxY71k+t6rfaM=
github.com/onsi/gomega v0.0.0-20151007035656-2152b45fa28a/go.mod h1:C1qb7wdrVGGVU+Z6iS04AVkA3Q65CEZX59MT0QO5uiA=
github.com/satori/go.uuid v0.0.0-20180103174451-36e9d2ebbde5 h1:tfcGHuraNSEY9xRb9ckCMqMD7xAjzrYI1WpD7DA+nz8=
github.com/satori/go.uuid v0.0.0-20180103174451-36e9d2ebbde5/go.mod h1:dA0hQrYB0VpLJoorglMZABFdXlWrHn1NEOzdhQKdks0=
github.com/vishvananda/netlink v0.0.0-20180328040857-85aa3b74a43a h1:tUGnEzGqD/BIRzM4yvx+v7J4Rosyq6/0IUiEiue+EIY=
github.com/vishvananda/netlink v0.0.0-20180328040857-85aa3b74a43a/go.mod h1:+SR5DhBJrl6ZM7CoCKvpw5BKroDKQ+PJqOg65H/2ktk=
github.com/vishvananda/netns v0.0.0-20160430053723-8ba1072b58e0 h1:3LFlY74a0V5YKdn9v2WTr7beXh4pscTJuqxs+cszCGA=
github.com/vishvananda/netns v0.0.0-20160430053723-8ba1072b58e0/go.mod h1:ZjcWmFBXmLKZu9Nxj3WKYEafiSqer2rnvPr0en9UNpI=
golang.org/x/sys v0.0.0-20180406135729-3b87a42e500a h1:DwI0ihryIiWlRUKL/ii7Snvn4LiL9TvMoVZq3qMbffg=
golang.org/x/sys v0.0.0-20180406135729-3b87a42e500a/go.mod h1:STP8DvDyc/dI5b8T5hshtkjS+E42TnysNCUPdjciGhY=
